
Microsoft Visual Studio Solution File, Format Version 12.00
# Visual Studio Version 17
VisualStudioVersion = 17.14.36109.1 d17.14
MinimumVisualStudioVersion = 10.0.40219.1
Project("{FAE04EC0-301F-11D3-BF4B-00C04F79EFBC}") = "Thusong_Tutors", "Thusong_Tutors.csproj", "{471B5A25-86F6-48DB-9893-8920BD51ADB2}"
EndProject
Global
	GlobalSection(SolutionConfigurationPlatforms) = preSolution
		Debug|Any CPU = Debug|Any CPU
		Release|Any CPU = Release|Any CPU
	EndGlobalSection
	GlobalSection(ProjectConfigurationPlatforms) = postSolution
		{471B5A25-86F6-48DB-9893-8920BD51ADB2}.Debug|Any CPU.ActiveCfg = Debug|Any CPU
		{471B5A25-86F6-48DB-9893-8920BD51ADB2}.Debug|Any CPU.Build.0 = Debug|Any CPU
		{471B5A25-86F6-48DB-9893-8920BD51ADB2}.Release|Any CPU.ActiveCfg = Release|Any CPU
		{471B5A25-86F6-48DB-9893-8920BD51ADB2}.Release|Any CPU.Build.0 = Release|Any CPU
	EndGlobalSection
	GlobalSection(SolutionProperties) = preSolution
		HideSolutionNode = FALSE
	EndGlobalSection
	GlobalSection(ExtensibilityGlobals) = postSolution
		SolutionGuid = {CE9439F8-DC99-43EB-A40C-9FB55C72A621}
	EndGlobalSection
EndGlobal
